// !$*UTF8*$!
{
	archiveVersion = 1;
	classes = {
	};
	objectVersion = 46;
	objects = {

/* Begin PBXBuildFile section */
		CB39F5D91E58DD9F001A5E73 /* AppDelegate.swift in Sources */ = {isa = PBXBuildFile; fileRef = CB39F5D81E58DD9F001A5E73 /* AppDelegate.swift */; };
		CB39F5DB1E58DD9F001A5E73 /* ViewController.swift in Sources */ = {isa = PBXBuildFile; fileRef = CB39F5DA1E58DD9F001A5E73 /* ViewController.swift */; };
		CB39F5DE1E58DD9F001A5E73 /* Main.storyboard in Resources */ = {isa = PBXBuildFile; fileRef = CB39F5DC1E58DD9F001A5E73 /* Main.storyboard */; };
		CB39F5E01E58DD9F001A5E73 /* Assets.xcassets in Resources */ = {isa = PBXBuildFile; fileRef = CB39F5DF1E58DD9F001A5E73 /* Assets.xcassets */; };
		CB39F5E31E58DDA0001A5E73 /* LaunchScreen.storyboard in Resources */ = {isa = PBXBuildFile; fileRef = CB39F5E11E58DDA0001A5E73 /* LaunchScreen.storyboard */; };
/* End PBXBuildFile section */

/* Begin PBXFileReference section */
		CB39F5D51E58DD9F001A5E73 /* Retro Calculator.app */ = {isa = PBXFileReference; explicitFileType = wrapper.application; includeInIndex = 0; path = "Retro Calculator.app"; sourceTree = BUILT_PRODUCTS_DIR; };
		CB39F5D81E58DD9F001A5E73 /* AppDelegate.swift */ = {isa = PBXFileReference; lastKnownFileType = sourcecode.swift; path = AppDelegate.swift; sourceTree = "<group>"; };
		CB39F5DA1E58DD9F001A5E73 /* ViewController.swift */ = {isa = PBXFileReference; lastKnownFileType = sourcecode.swift; path = ViewController.swift; sourceTree = "<group>"; };
		CB39F5DD1E58DD9F001A5E73 /* Base */ = {isa = PBXFileReference; lastKnownFileType = file.storyboard; name = Base; path = Base.lproj/Main.storyboard; sourceTree = "<group>"; };
		CB39F5DF1E58DD9F001A5E73 /* Assets.xcassets */ = {isa = PBXFileReference; lastKnownFileType = folder.assetcatalog; path = Assets.xcassets; sourceTree = "<group>"; };
		CB39F5E21E58DDA0001A5E73 /* Base */ = {isa = PBXFileReference; lastKnownFileType = file.storyboard; name = Base; path = Base.lproj/LaunchScreen.storyboard; sourceTree = "<group>"; };
		CB39F5E41E58DDA0001A5E73 /* Info.plist */ = {isa = PBXFileReference; lastKnownFileType = text.plist.xml; path = Info.plist; sourceTree = "<group>"; };
/* End PBXFileReference section */

/* Begin PBXFrameworksBuildPhase section */
		CB39F5D21E58DD9F001A5E73 /* Frameworks */ = {
			isa = PBXFrameworksBuildPhase;
			buildActionMask = 2147483647;
			files = (
			);
			runOnlyForDeploymentPostprocessing = 0;
		};
/* End PBXFrameworksBuildPhase section */

/* Begin PBXGroup section */
		CB39F5CC1E58DD9F001A5E73 = {
			isa = PBXGroup;
			children = (
				CB39F5D71E58DD9F001A5E73 /* Retro Calculator */,
				CB39F5D61E58DD9F001A5E73 /* Products */,
			);
			sourceTree = "<group>";
		};
		CB39F5D61E58DD9F001A5E73 /* Products */ = {
			isa = PBXGroup;
			children = (
				CB39F5D51E58DD9F001A5E73 /* Retro Calculator.app */,
			);
			name = Products;
			sourceTree = "<group>";
		};
		CB39F5D71E58DD9F001A5E73 /* Retro Calculator */ = {
			isa = PBXGroup;
			children = (
				CB39F5D81E58DD9F001A5E73 /* AppDelegate.swift */,
				CB39F5DA1E58DD9F001A5E73 /* ViewController.swift */,
				CB39F5DC1E58DD9F001A5E73 /* Main.storyboard */,
				CB39F5DF1E58DD9F001A5E73 /* Assets.xcassets */,
				CB39F5E11E58DDA0001A5E73 /* LaunchScreen.storyboard */,
				CB39F5E41E58DDA0001A5E73 /* Info.plist */,
			);
			path = "Retro Calculator";
			sourceTree = "<group>";
		};
/* End PBXGroup section */

/* Begin PBXNativeTarget section */
		CB39F5D41E58DD9F001A5E73 /* Retro Calculator */ = {
			isa = PBXNativeTarget;
			buildConfigurationList = CB39F5E71E58DDA0001A5E73 /* Build configuration list for PBXNativeTarget "Retro Calculator" */;
			buildPhases = (
				CB39F5D11E58DD9F001A5E73 /* Sources */,
				CB39F5D21E58DD9F001A5E73 /* Frameworks */,
				CB39F5D31E58DD9F001A5E73 /* Resources */,
			);
			buildRules = (
			);
			dependencies = (
			);
			name = "Retro Calculator";
			productName = "Retro Calculator";
			productReference = CB39F5D51E58DD9F001A5E73 /* Retro Calculator.app */;
			productType = "com.apple.product-type.application";
		};
/* End PBXNativeTarget section */

/* Begin PBXProject section */
		CB39F5CD1E58DD9F001A5E73 /* Project object */ = {
			isa = PBXProject;
			attributes = {
				LastSwiftUpdateCheck = 0820;
				LastUpgradeCheck = 0820;
				ORGANIZATIONNAME = "Charlie Stuart";
				TargetAttributes = {
					CB39F5D41E58DD9F001A5E73 = {
						CreatedOnToolsVersion = 8.2.1;
						ProvisioningStyle = Automatic;
					};
				};
			};
			buildConfigurationList = CB39F5D01E58DD9F001A5E73 /* Build configuration list for PBXProject "Retro Calculator" */;
			compatibilityVersion = "Xcode 3.2";
			developmentRegion = English;
			hasScannedForEncodings = 0;
			knownRegions = (
				en,
				Base,
			);
			mainGroup = CB39F5CC1E58DD9F001A5E73;
			productRefGroup = CB39F5D61E58DD9F001A5E73 /* Products */;
			projectDirPath = "";
			projectRoot = "";
			targets = (
				CB39F5D41E58DD9F001A5E73 /* Retro Calculator */,
			);
		};
/* End PBXProject section */

/* Begin PBXResourcesBuildPhase section */
		CB39F5D31E58DD9F001A5E73 /* Resources */ = {
			isa = PBXResourcesBuildPhase;
			buildActionMask = 2147483647;
			files = (
				CB39F5E31E58DDA0001A5E73 /* LaunchScreen.storyboard in Resources */,
				CB39F5E01E58DD9F001A5E73 /* Assets.xcassets in Resources */,
				CB39F5DE1E58DD9F001A5E73 /* Main.storyboard in Resources */,
			);
			runOnlyForDeploymentPostprocessing = 0;
		};
/* End PBXResourcesBuildPhase section */

/* Begin PBXSourcesBuildPhase section */
		CB39F5D11E58DD9F001A5E73 /* Sources */ = {
			isa = PBXSourcesBuildPhase;
			buildActionMask = 2147483647;
			files = (
				CB39F5DB1E58DD9F001A5E73 /* ViewController.swift in Sources */,
				CB39F5D91E58DD9F001A5E73 /* AppDelegate.swift in Sources */,
			);
			runOnlyForDeploymentPostprocessing = 0;
		};
/* End PBXSourcesBuildPhase section */

/* Begin PBXVariantGroup section */
		CB39F5DC1E58DD9F001A5E73 /* Main.storyboard */ = {
			isa = PBXVariantGroup;
			children = (
				CB39F5DD1E58DD9F001A5E73 /* Base */,
			);
			name = Main.storyboard;
			sourceTree = "<group>";
		};
		CB39F5E11E58DDA0001A5E73 /* LaunchScreen.storyboard */ = {
			isa = PBXVariantGroup;
			children = (
				CB39F5E21E58DDA0001A5E73 /* Base */,
			);
			name = LaunchScreen.storyboard;
			sourceTree = "<group>";
		};
/* End PBXVariantGroup section */

/* Begin XCBuildConfiguration section */
		CB39F5E51E58DDA0001A5E73 /* Debug */ = {
			isa = XCBuildConfiguration;
			buildSettings = {
				ALWAYS_SEARCH_USER_PATHS = NO;
				CLANG_ANALYZER_NONNULL = YES;
				CLANG_CXX_LANGUAGE_STANDARD = "gnu++0x";
				CLANG_CXX_LIBRARY = "libc++";
				CLANG_ENABLE_MODULES = YES;
				CLANG_ENABLE_OBJC_ARC = YES;
				CLANG_WARN_BOOL_CONVERSION = YES;
				CLANG_WARN_CONSTANT_CONVERSION = YES;
				CLANG_WARN_DIRECT_OBJC_ISA_USAGE = YES_ERROR;
				CLANG_WARN_DOCUMENTATION_COMMENTS = YES;
				CLANG_WARN_EMPTY_BODY = YES;
				CLANG_WARN_ENUM_CONVERSION = YES;
				CLANG_WARN_INFINITE_RECURSION = YES;
				CLANG_WARN_INT_CONVERSION = YES;
				CLANG_WARN_OBJC_ROOT_CLASS = YES_ERROR;
				CLANG_WARN_SUSPICIOUS_MOVE = YES;
				CLANG_WARN_UNREACHABLE_CODE = YES;
				CLANG_WARN__DUPLICATE_METHOD_MATCH = YES;
				"CODE_SIGN_IDENTITY[sdk=iphoneos*]" = "iPhone Developer";
				COPY_PHASE_STRIP = NO;
				DEBUG_INFORMATION_FORMAT = dwarf;
				ENABLE_STRICT_OBJC_MSGSEND = YES;
				ENABLE_TESTABILITY = YES;
				GCC_C_LANGUAGE_STANDARD = gnu99;
				GCC_DYNAMIC_NO_PIC = NO;
				GCC_NO_COMMON_BLOCKS = YES;
				GCC_OPTIMIZATION_LEVEL = 0;
				GCC_PREPROCESSOR_DEFINITIONS = (
					"DEBUG=1",
					"$(inherited)",
				);
				GCC_WARN_64_TO_32_BIT_CONVERSION = YES;
				GCC_WARN_ABOUT_RETURN_TYPE = YES_ERROR;
				GCC_WARN_UNDECLARED_SELECTOR = YES;
				GCC_WARN_UNINITIALIZED_AUTOS = YES_AGGRESSIVE;
				GCC_WARN_UNUSED_FUNCTION = YES;
				GCC_WARN_UNUSED_VARIABLE = YES;
				IPHONEOS_DEPLOYMENT_TARGET = 10.2;
				MTL_ENABLE_DEBUG_INFO = YES;
				ONLY_ACTIVE_ARCH = YES;
				SDKROOT = iphoneos;
				SWIFT_ACTIVE_COMPILATION_CONDITIONS = DEBUG;
				SWIFT_OPTIMIZATION_LEVEL = "-Onone";
				TARGETED_DEVICE_FAMILY = "1,2";
			};
			name = Debug;
		};
		CB39F5E61E58DDA0001A5E73 /* Release */ = {
			isa = XCBuildConfiguration;
			buildSettings = {
				ALWAYS_SEARCH_USER_PATHS = NO;
				CLANG_ANALYZER_NONNULL = YES;
				CLANG_CXX_LANGUAGE_STANDARD = "gnu++0x";
				CLANG_CXX_LIBRARY = "libc++";
				CLANG_ENABLE_MODULES = YES;
				CLANG_ENABLE_OBJC_ARC = YES;
				CLANG_WARN_BOOL_CONVERSION = YES;
				CLANG_WARN_CONSTANT_CONVERSION = YES;
				CLANG_WARN_DIRECT_OBJC_ISA_USAGE = YES_ERROR;
				CLANG_WARN_DOCUMENTATION_COMMENTS = YES;
				CLANG_WARN_EMPTY_BODY = YES;
				CLANG_WARN_ENUM_CONVERSION = YES;
				CLANG_WARN_INFINITE_RECURSION = YES;
				CLANG_WARN_INT_CONVERSION = YES;
				CLANG_WARN_OBJC_ROOT_CLASS = YES_ERROR;
				CLANG_WARN_SUSPICIOUS_MOVE = YES;
				CLANG_WARN_UNREACHABLE_CODE = YES;
				CLANG_WARN__DUPLICATE_METHOD_MATCH = YES;
				"CODE_SIGN_IDENTITY[sdk=iphoneos*]" = "iPhone Developer";
				COPY_PHASE_STRIP = NO;
				DEBUG_INFORMATION_FORMAT = "dwarf-with-dsym";
				ENABLE_NS_ASSERTIONS = NO;
				ENABLE_STRICT_OBJC_MSGSEND = YES;
				GCC_C_LANGUAGE_STANDARD = gnu99;
				GCC_NO_COMMON_BLOCKS = YES;
				GCC_WARN_64_TO_32_BIT_CONVERSION = YES;
				GCC_WARN_ABOUT_RETURN_TYPE = YES_ERROR;
				GCC_WARN_UNDECLARED_SELECTOR = YES;
				GCC_WARN_UNINITIALIZED_AUTOS = YES_AGGRESSIVE;
				GCC_WARN_UNUSED_FUNCTION = YES;
				GCC_WARN_UNUSED_VARIABLE = YES;
				IPHONEOS_DEPLOYMENT_TARGET = 10.2;
				MTL_ENABLE_DEBUG_INFO = NO;
				SDKROOT = iphoneos;
				SWIFT_OPTIMIZATION_LEVEL = "-Owholemodule";
				TARGETED_DEVICE_FAMILY = "1,2";
				VALIDATE_PRODUCT = YES;
			};
			name = Release;
		};
		CB39F5E81E58DDA0001A5E73 /* Debug */ = {
			isa = XCBuildConfiguration;
			buildSettings = {
				ASSETCATALOG_COMPILER_APPICON_NAME = AppIcon;
				INFOPLIST_FILE = "Retro Calculator/Info.plist";
				LD_RUNPATH_SEARCH_PATHS = "$(inherited) @executable_path/Frameworks";
				PRODUCT_BUNDLE_IDENTIFIER = "com.CharlieStuart.Retro-Calculator";
				PRODUCT_NAME = "$(TARGET_NAME)";
				SWIFT_VERSION = 3.0;
			};
			name = Debug;
		};
		CB39F5E91E58DDA0001A5E73 /* Release */ = {
			isa = XCBuildConfiguration;
			buildSettings = {
				ASSETCATALOG_COMPILER_APPICON_NAME = AppIcon;
				INFOPLIST_FILE = "Retro Calculator/Info.plist";
				LD_RUNPATH_SEARCH_PATHS = "$(inherited) @executable_path/Frameworks";
				PRODUCT_BUNDLE_IDENTIFIER = "com.CharlieStuart.Retro-Calculator";
				PRODUCT_NAME = "$(TARGET_NAME)";
				SWIFT_VERSION = 3.0;
			};
			name = Release;
		};
/* End XCBuildConfiguration section */

/* Begin XCConfigurationList section */
		CB39F5D01E58DD9F001A5E73 /* Build configuration list for PBXProject "Retro Calculator" */ = {
			isa = XCConfigurationList;
			buildConfigurations = (
				CB39F5E51E58DDA0001A5E73 /* Debug */,
				CB39F5E61E58DDA0001A5E73 /* Release */,
			);
			defaultConfigurationIsVisible = 0;
			defaultConfigurationName = Release;
		};
		CB39F5E71E58DDA0001A5E73 /* Build configuration list for PBXNativeTarget "Retro Calculator" */ = {
			isa = XCConfigurationList;
			buildConfigurations = (
				CB39F5E81E58DDA0001A5E73 /* Debug */,
				CB39F5E91E58DDA0001A5E73 /* Release */,
			);
			defaultConfigurationIsVisible = 0;
		};
/* End XCConfigurationList section */
	};
	rootObject = CB39F5CD1E58DD9F001A5E73 /* Project object */;
}
